
Microsoft Visual Studio Solution File, Format Version 12.00
# Visual Studio Version 17
VisualStudioVersion = 17.5.33516.290
MinimumVisualStudioVersion = 10.0.40219.1
Project("{FAE04EC0-301F-11D3-BF4B-00C04F79EFBC}") = "MX_Connect", "MX_Connect\MX_Connect.csproj", "{52CFFC97-3C2B-4982-967A-51EC125A7036}"
EndProject
Project("{FAE04EC0-301F-11D3-BF4B-00C04F79EFBC}") = "MX_Form", "MX_Form\MX_Form.csproj", "{FB6A8387-8694-4717-8FC6-47E42FADCE1E}"
EndProject
Global
	GlobalSection(SolutionConfigurationPlatforms) = preSolution
		Debug|Any CPU = Debug|Any CPU
		Release|Any CPU = Release|Any CPU
	EndGlobalSection
	GlobalSection(ProjectConfigurationPlatforms) = postSolution
		{52CFFC97-3C2B-4982-967A-51EC125A7036}.Debug|Any CPU.ActiveCfg = Debug|Any CPU
		{52CFFC97-3C2B-4982-967A-51EC125A7036}.Debug|Any CPU.Build.0 = Debug|Any CPU
		{52CFFC97-3C2B-4982-967A-51EC125A7036}.Release|Any CPU.ActiveCfg = Release|Any CPU
		{52CFFC97-3C2B-4982-967A-51EC125A7036}.Release|Any CPU.Build.0 = Release|Any CPU
		{FB6A8387-8694-4717-8FC6-47E42FADCE1E}.Debug|Any CPU.ActiveCfg = Debug|Any CPU
		{FB6A8387-8694-4717-8FC6-47E42FADCE1E}.Debug|Any CPU.Build.0 = Debug|Any CPU
		{FB6A8387-8694-4717-8FC6-47E42FADCE1E}.Release|Any CPU.ActiveCfg = Release|Any CPU
		{FB6A8387-8694-4717-8FC6-47E42FADCE1E}.Release|Any CPU.Build.0 = Release|Any CPU
	EndGlobalSection
	GlobalSection(SolutionProperties) = preSolution
		HideSolutionNode = FALSE
	EndGlobalSection
EndGlobal
